{
  "lockfileVersion": 1,
  "configVersion": 1,
  "workspaces": {
    "": {
      "name": "tools",
      "dependencies": {
        "@napi-rs/canvas": "^1.0.7",
      },
      "devDependencies": {
        "@types/bun": "latest",
      },
      "peerDependencies": {
        "typescript": "^5",
      },
    },
  },
  "packages": {
    "@napi-rs/canvas": ["@napi-rs/canvas@1.0.7", "", { "optionalDependencies": { "@napi-rs/canvas-android-arm64": "1.0.7", "@napi-rs/canvas-darwin-arm64": "1.0.7", "@napi-rs/canvas-darwin-x64": "1.0.7", "@napi-rs/canvas-linux-arm-gnueabihf": "1.0.7", "@napi-rs/canvas-linux-arm64-gnu": "1.0.7", "@napi-rs/canvas-linux-arm64-musl": "1.0.7", "@napi-rs/canvas-linux-riscv64-gnu": "1.0.7", "@napi-rs/canvas-linux-x64-gnu": "1.0.7", "@napi-rs/canvas-linux-x64-musl": "1.0.7", "@napi-rs/canvas-win32-arm64-msvc": "1.0.7", "@napi-rs/canvas-win32-x64-msvc": "1.0.7" } }, "sha512-26wVFEgs6gbe7wmzCrud1pK8q6oOgcUu7OOF24BuazB8ZUCskU9ZSLrCjoWIFVxx09rjAxsXxPleaWowHvdPCA=="],

    "@napi-rs/canvas-android-arm64": ["@napi-rs/canvas-android-arm64@1.0.7", "", { "os": "android", "cpu": "arm64" }, "sha512-d5p4hHTykc/9PjiBXkvCH/IC5hT5jH7BjQ1u8ITq+G8x4VmvveOHdy/4BWYcC3ebWRmrG9zEc/oCTy+Yf3iZ4A=="],

    "@napi-rs/canvas-darwin-arm64": ["@napi-rs/canvas-darwin-arm64@1.0.7", "", { "os": "darwin", "cpu": "arm64" }, "sha512-jKfZl2QDqBr6/Ap/8NKkX0Po9SFfVjUPBJbQQmYGVtQQIazWWIAO60riH3Mz2sOyysa2oJO39sLEfXerypu0vg=="],

    "@napi-rs/canvas-darwin-x64": ["@napi-rs/canvas-darwin-x64@1.0.7", "", { "os": "darwin", "cpu": "x64" }, "sha512-v1asrnKBu0tD+sdSD2qVIUfhoXSrr8LFTn7z76pN+8xsiOrmFcAVty57R/5DB8ZNqNLKsUBDXFSrzf4Wt9NaSg=="],

    "@napi-rs/canvas-linux-arm-gnueabihf": ["@napi-rs/canvas-linux-arm-gnueabihf@1.0.7", "", { "os": "linux", "cpu": "arm" }, "sha512-c4Hcu4L5bXCgLY8jrZ2hy/Avl65MsbfH9DqNWrrd9InbpBZZF/rmrh7XkgmTUmOFcUrt/PaFSBinW2C0moDgcA=="],

    "@napi-rs/canvas-linux-arm64-gnu": ["@napi-rs/canvas-linux-arm64-gnu@1.0.7", "", { "os": "linux", "cpu": "arm64" }, "sha512-OVW6T1x65BTVfWb//xylCoWxbdII+nzHu3L5T035aerBAnZ5e0nmeTMkMEO9qQrVJq4WcWW8hp+T0dF+JvJPUQ=="],

    "@napi-rs/canvas-linux-arm64-musl": ["@napi-rs/canvas-linux-arm64-musl@1.0.7", "", { "os": "linux", "cpu": "arm64" }, "sha512-KX/k1UO61XdKlXxhtIkq1ZUH8uP+NNK4vSrBcM2/4wWUUCZaG93BU5s0KuE9n+TFn0jEoqLSlXOuH1pYuV5dcQ=="],

    "@napi-rs/canvas-linux-riscv64-gnu": ["@napi-rs/canvas-linux-riscv64-gnu@1.0.7", "", { "os": "linux", "cpu": "none" }, "sha512-r+0Bg+fK8r2AsrbeT7JwBUAERZSjlyhfAMQfZE/zxYGmbswS92hN0FPjynVWbeuz5fIrLfZ6JA5pH8V6drN6qw=="],

    "@napi-rs/canvas-linux-x64-gnu": ["@napi-rs/canvas-linux-x64-gnu@1.0.7", "", { "os": "linux", "cpu": "x64" }, "sha512-0tT9KzEcTfb6MWdUWIDfy6uq6UNF691r/9NfXxxl8s9+G5QrD7VP1UC+PAwzsCzJTClIKyidNau/grYTL+QmHw=="],

    "@napi-rs/canvas-linux-x64-musl": ["@napi-rs/canvas-linux-x64-musl@1.0.7", "", { "os": "linux", "cpu": "x64" }, "sha512-rvT0xo1xA+C7e+U/2ngsxWsl9gC5knHU+z8KTT5VK0Zos4AQbWZvtjvegrmzxm4o2yHE32Lexj6CDEJNvuTczA=="],

    "@napi-rs/canvas-win32-arm64-msvc": ["@napi-rs/canvas-win32-arm64-msvc@1.0.7", "", { "os": "win32", "cpu": "arm64" }, "sha512-N6s3yoFFPUDkfRpjUiKERVYkli7ex5Sf0Bu/My6D6gOGYxYolC1KvL6x8U0aN+ScCWAzbkIWcMYR9g0OGsFuVw=="],

    "@napi-rs/canvas-win32-x64-msvc": ["@napi-rs/canvas-win32-x64-msvc@1.0.7", "", { "os": "win32", "cpu": "x64" }, "sha512-SKTNdBV/ljfhkPsLhXjm4x2PQ0ILpc0PhkBzRHuroJXidZUaF5yh0j3s3dIzB8PrRmW+nEASzyMTaWT3nH1ywQ=="],

    "@types/bun": ["@types/bun@1.4.0", "", { "dependencies": { "bun-types": "1.4.0" } }, "sha512-K+lZULY23vRgK/CfTjFIV+tyifaNdSMlPh9j+6mQ/cLfpOznLyAuzgV/JQysyECpkBQLVMSyvjlr2fBUSA9wFQ=="],

    "@types/node": ["@types/node@26.2.0", "", { "dependencies": { "undici-types": "~8.3.0" } }, "sha512-5IviulTZeRNp2vAJ514cc/HUlY5nZ9fCbq9DMyC52BrhFZACo3nI0R7qBxhQmo/d27NFe96ur/b7Wwxklda+kg=="],

    "bun-types": ["bun-types@1.4.0", "", { "dependencies": { "@types/node": "*" } }, "sha512-iIKw23BspnQQYd3prITOBxeUsxBHnwzX6YJfGMuNOZzeNcMmVqzIIVGRm1l69ogaPQmb4wB6BN8mA5bE9YuC5Q=="],

    "typescript": ["typescript@5.9.3", "", { "bin": { "tsc": "bin/tsc", "tsserver": "bin/tsserver" } }, "sha512-jl1vZzPDinLr9eUt3J/t7V6FgNEw9QjvBPdysz9KfQDD41fQrC2Y4vKQdiaUpFT4bXlb1RHhLpp8wtm6M5TgSw=="],

    "undici-types": ["undici-types@8.3.0", "", {}, "sha512-j375ScV60dom+YkPFIfTLcOiPxkN/buHz5GobjLhixFuANaNs3C9l4GmrWqejgXWJ7BbJcFYpTEUkS1Ge8bpZQ=="],
  }
}
